
Microsoft Visual Studio Solution File, Format Version 12.00
Project("{FAE04EC0-301F-11D3-BF4B-00C04F79EFBC}") = "MediatrWithPublish", "MediatrWithPublish.csproj", "{118DC749-52B0-4F18-8E18-9FE174AA83DA}"
EndProject
Global
	GlobalSection(SolutionConfigurationPlatforms) = preSolution
		Debug|Any CPU = Debug|Any CPU
		Release|Any CPU = Release|Any CPU
	EndGlobalSection
	GlobalSection(ProjectConfigurationPlatforms) = postSolution
		{118DC749-52B0-4F18-8E18-9FE174AA83DA}.Debug|Any CPU.ActiveCfg = Debug|Any CPU
		{118DC749-52B0-4F18-8E18-9FE174AA83DA}.Debug|Any CPU.Build.0 = Debug|Any CPU
		{118DC749-52B0-4F18-8E18-9FE174AA83DA}.Release|Any CPU.ActiveCfg = Release|Any CPU
		{118DC749-52B0-4F18-8E18-9FE174AA83DA}.Release|Any CPU.Build.0 = Release|Any CPU
	EndGlobalSection
EndGlobal
